
Microsoft Visual Studio Solution File, Format Version 12.00
# Visual Studio 2013
VisualStudioVersion = 12.0.21005.1
MinimumVisualStudioVersion = 10.0.40219.1
Project("{2150E333-8FDC-42A3-9474-1A3956D46DE8}") = "FissalBL", "FissalBL", "{6F274765-B195-4F0C-8947-4DA0CF8FC0AF}"
EndProject
Project("{2150E333-8FDC-42A3-9474-1A3956D46DE8}") = "FissalDA", "FissalDA", "{2756C542-DDF7-455C-A656-4825E1164CB3}"
EndProject
Project("{2150E333-8FDC-42A3-9474-1A3956D46DE8}") = "FissalBE", "FissalBE", "{5ECF7880-FBF2-4E13-96CB-2FB3D5245D8F}"
EndProject
Project("{2150E333-8FDC-42A3-9474-1A3956D46DE8}") = "FissalWinForm", "FissalWinForm", "{37FDC69E-112F-4B9E-A116-585228203862}"
EndProject
Project("{FAE04EC0-301F-11D3-BF4B-00C04F79EFBC}") = "FissalWinForm", "FissalWinForm\FissalWinForm.csproj", "{47696150-2AB6-4820-B6DC-1747CDD542B7}"
	ProjectSection(ProjectDependencies) = postProject
		{A996BD72-97A0-4C48-A088-2FB07813B8B0} = {A996BD72-97A0-4C48-A088-2FB07813B8B0}
	EndProjectSection
EndProject
Project("{FAE04EC0-301F-11D3-BF4B-00C04F79EFBC}") = "FissalDA", "FissalDA\FissalDA.csproj", "{C2095EEB-CB04-4EDF-9FAB-B09CD9FA0680}"
EndProject
Project("{FAE04EC0-301F-11D3-BF4B-00C04F79EFBC}") = "FissalBL", "FissalBL\FissalBL.csproj", "{1BF66E07-0552-4C3D-A5F0-543DFE828FAF}"
EndProject
Project("{FAE04EC0-301F-11D3-BF4B-00C04F79EFBC}") = "FissalBE", "FissalBE\FissalBE.csproj", "{1FCE949D-12D1-4E64-8D7A-9AE8F9505847}"
EndProject
Project("{2150E333-8FDC-42A3-9474-1A3956D46DE8}") = "FissalWebForm", "FissalWebForm", "{BA561B2B-C3BC-4989-80F7-D86CB61D3320}"
EndProject
Project("{FAE04EC0-301F-11D3-BF4B-00C04F79EFBC}") = "FissalWebForm", "FissalWebForm\FissalWebForm.csproj", "{CF7C68B2-40A3-481D-992E-B30F2EA84B19}"
EndProject
Project("{2150E333-8FDC-42A3-9474-1A3956D46DE8}") = "FissalWCF", "FissalWCF", "{01A2EB34-785D-49CC-A857-9FA492CA251C}"
EndProject
Project("{2150E333-8FDC-42A3-9474-1A3956D46DE8}") = "Libs", "Libs", "{B0EEE607-A2CE-4995-9209-1AB9F6006886}"
	ProjectSection(SolutionItems) = preProject
		Libs\ICSharpCode.SharpZipLib.dll = Libs\ICSharpCode.SharpZipLib.dll
		Libs\Ionic.Zip.dll = Libs\Ionic.Zip.dll
		Libs\NPOI.dll = Libs\NPOI.dll
		Libs\NPOI.OOXML.dll = Libs\NPOI.OOXML.dll
		Libs\NPOI.OpenXml4Net.dll = Libs\NPOI.OpenXml4Net.dll
		Libs\NPOI.OpenXmlFormats.dll = Libs\NPOI.OpenXmlFormats.dll
	EndProjectSection
EndProject
Project("{FAE04EC0-301F-11D3-BF4B-00C04F79EFBC}") = "FissalReportes", "FissalReportes\FissalReportes.csproj", "{97513264-E20C-4D1E-BA68-2EDC95F24C78}"
EndProject
Project("{2150E333-8FDC-42A3-9474-1A3956D46DE8}") = "FissalUtil", "FissalUtil", "{0A182A6A-941F-471D-9E6E-DF57558F442E}"
EndProject
Project("{FAE04EC0-301F-11D3-BF4B-00C04F79EFBC}") = "FisalUtil", "FisalUtil\FisalUtil.csproj", "{3AD78BC7-242B-433C-B394-66DA17258193}"
EndProject
Project("{FAE04EC0-301F-11D3-BF4B-00C04F79EFBC}") = "FissalReservas", "FissalReservas\FissalReservas.csproj", "{66389B64-2C41-4303-90AB-D648571FF5E6}"
EndProject
Project("{FAE04EC0-301F-11D3-BF4B-00C04F79EFBC}") = "FissalSWSExternos", "FissalSWSExternos\FissalSWSExternos.csproj", "{A996BD72-97A0-4C48-A088-2FB07813B8B0}"
EndProject
Global
	GlobalSection(SolutionConfigurationPlatforms) = preSolution
		Debug|Any CPU = Debug|Any CPU
		Release|Any CPU = Release|Any CPU
	EndGlobalSection
	GlobalSection(ProjectConfigurationPlatforms) = postSolution
		{47696150-2AB6-4820-B6DC-1747CDD542B7}.Debug|Any CPU.ActiveCfg = Debug|Any CPU
		{47696150-2AB6-4820-B6DC-1747CDD542B7}.Debug|Any CPU.Build.0 = Debug|Any CPU
		{47696150-2AB6-4820-B6DC-1747CDD542B7}.Release|Any CPU.ActiveCfg = Release|Any CPU
		{47696150-2AB6-4820-B6DC-1747CDD542B7}.Release|Any CPU.Build.0 = Release|Any CPU
		{C2095EEB-CB04-4EDF-9FAB-B09CD9FA0680}.Debug|Any CPU.ActiveCfg = Debug|Any CPU
		{C2095EEB-CB04-4EDF-9FAB-B09CD9FA0680}.Debug|Any CPU.Build.0 = Debug|Any CPU
		{C2095EEB-CB04-4EDF-9FAB-B09CD9FA0680}.Release|Any CPU.ActiveCfg = Release|Any CPU
		{C2095EEB-CB04-4EDF-9FAB-B09CD9FA0680}.Release|Any CPU.Build.0 = Release|Any CPU
		{1BF66E07-0552-4C3D-A5F0-543DFE828FAF}.Debug|Any CPU.ActiveCfg = Debug|Any CPU
		{1BF66E07-0552-4C3D-A5F0-543DFE828FAF}.Debug|Any CPU.Build.0 = Debug|Any CPU
		{1BF66E07-0552-4C3D-A5F0-543DFE828FAF}.Release|Any CPU.ActiveCfg = Release|Any CPU
		{1BF66E07-0552-4C3D-A5F0-543DFE828FAF}.Release|Any CPU.Build.0 = Release|Any CPU
		{1FCE949D-12D1-4E64-8D7A-9AE8F9505847}.Debug|Any CPU.ActiveCfg = Debug|Any CPU
		{1FCE949D-12D1-4E64-8D7A-9AE8F9505847}.Debug|Any CPU.Build.0 = Debug|Any CPU
		{1FCE949D-12D1-4E64-8D7A-9AE8F9505847}.Release|Any CPU.ActiveCfg = Release|Any CPU
		{1FCE949D-12D1-4E64-8D7A-9AE8F9505847}.Release|Any CPU.Build.0 = Release|Any CPU
		{CF7C68B2-40A3-481D-992E-B30F2EA84B19}.Debug|Any CPU.ActiveCfg = Debug|Any CPU
		{CF7C68B2-40A3-481D-992E-B30F2EA84B19}.Debug|Any CPU.Build.0 = Debug|Any CPU
		{CF7C68B2-40A3-481D-992E-B30F2EA84B19}.Release|Any CPU.ActiveCfg = Release|Any CPU
		{CF7C68B2-40A3-481D-992E-B30F2EA84B19}.Release|Any CPU.Build.0 = Release|Any CPU
		{97513264-E20C-4D1E-BA68-2EDC95F24C78}.Debug|Any CPU.ActiveCfg = Debug|Any CPU
		{97513264-E20C-4D1E-BA68-2EDC95F24C78}.Debug|Any CPU.Build.0 = Debug|Any CPU
		{97513264-E20C-4D1E-BA68-2EDC95F24C78}.Release|Any CPU.ActiveCfg = Release|Any CPU
		{97513264-E20C-4D1E-BA68-2EDC95F24C78}.Release|Any CPU.Build.0 = Release|Any CPU
		{3AD78BC7-242B-433C-B394-66DA17258193}.Debug|Any CPU.ActiveCfg = Debug|Any CPU
		{3AD78BC7-242B-433C-B394-66DA17258193}.Debug|Any CPU.Build.0 = Debug|Any CPU
		{3AD78BC7-242B-433C-B394-66DA17258193}.Release|Any CPU.ActiveCfg = Release|Any CPU
		{3AD78BC7-242B-433C-B394-66DA17258193}.Release|Any CPU.Build.0 = Release|Any CPU
		{66389B64-2C41-4303-90AB-D648571FF5E6}.Debug|Any CPU.ActiveCfg = Debug|Any CPU
		{66389B64-2C41-4303-90AB-D648571FF5E6}.Debug|Any CPU.Build.0 = Debug|Any CPU
		{66389B64-2C41-4303-90AB-D648571FF5E6}.Release|Any CPU.ActiveCfg = Release|Any CPU
		{66389B64-2C41-4303-90AB-D648571FF5E6}.Release|Any CPU.Build.0 = Release|Any CPU
		{A996BD72-97A0-4C48-A088-2FB07813B8B0}.Debug|Any CPU.ActiveCfg = Debug|Any CPU
		{A996BD72-97A0-4C48-A088-2FB07813B8B0}.Debug|Any CPU.Build.0 = Debug|Any CPU
		{A996BD72-97A0-4C48-A088-2FB07813B8B0}.Release|Any CPU.ActiveCfg = Release|Any CPU
		{A996BD72-97A0-4C48-A088-2FB07813B8B0}.Release|Any CPU.Build.0 = Release|Any CPU
	EndGlobalSection
	GlobalSection(SolutionProperties) = preSolution
		HideSolutionNode = FALSE
	EndGlobalSection
	GlobalSection(NestedProjects) = preSolution
		{1BF66E07-0552-4C3D-A5F0-543DFE828FAF} = {6F274765-B195-4F0C-8947-4DA0CF8FC0AF}
		{C2095EEB-CB04-4EDF-9FAB-B09CD9FA0680} = {2756C542-DDF7-455C-A656-4825E1164CB3}
		{1FCE949D-12D1-4E64-8D7A-9AE8F9505847} = {5ECF7880-FBF2-4E13-96CB-2FB3D5245D8F}
		{47696150-2AB6-4820-B6DC-1747CDD542B7} = {37FDC69E-112F-4B9E-A116-585228203862}
		{CF7C68B2-40A3-481D-992E-B30F2EA84B19} = {BA561B2B-C3BC-4989-80F7-D86CB61D3320}
		{97513264-E20C-4D1E-BA68-2EDC95F24C78} = {BA561B2B-C3BC-4989-80F7-D86CB61D3320}
		{66389B64-2C41-4303-90AB-D648571FF5E6} = {BA561B2B-C3BC-4989-80F7-D86CB61D3320}
		{A996BD72-97A0-4C48-A088-2FB07813B8B0} = {01A2EB34-785D-49CC-A857-9FA492CA251C}
		{3AD78BC7-242B-433C-B394-66DA17258193} = {0A182A6A-941F-471D-9E6E-DF57558F442E}
	EndGlobalSection
EndGlobal
